
Microsoft Visual Studio Solution File, Format Version 12.00
# Visual Studio Version 16
VisualStudioVersion = 16.0.29306.81
MinimumVisualStudioVersion = 10.0.40219.1
Project("{FAE04EC0-301F-11D3-BF4B-00C04F79EFBC}") = "DemoAlgotithm", "DemoAlgotithm\DemoAlgotithm.csproj", "{5FD923B7-4AE9-43EE-A142-DCD1A1B824CC}"
EndProject
Project("{FAE04EC0-301F-11D3-BF4B-00C04F79EFBC}") = "Hackerrank", "Hackerrank\Hackerrank.csproj", "{5C9C6903-F9AA-490E-B887-4D9F628F57BA}"
EndProject
Global
	GlobalSection(SolutionConfigurationPlatforms) = preSolution
		Debug|Any CPU = Debug|Any CPU
		Release|Any CPU = Release|Any CPU
	EndGlobalSection
	GlobalSection(ProjectConfigurationPlatforms) = postSolution
		{5FD923B7-4AE9-43EE-A142-DCD1A1B824CC}.Debug|Any CPU.ActiveCfg = Debug|Any CPU
		{5FD923B7-4AE9-43EE-A142-DCD1A1B824CC}.Debug|Any CPU.Build.0 = Debug|Any CPU
		{5FD923B7-4AE9-43EE-A142-DCD1A1B824CC}.Release|Any CPU.ActiveCfg = Release|Any CPU
		{5FD923B7-4AE9-43EE-A142-DCD1A1B824CC}.Release|Any CPU.Build.0 = Release|Any CPU
		{5C9C6903-F9AA-490E-B887-4D9F628F57BA}.Debug|Any CPU.ActiveCfg = Debug|Any CPU
		{5C9C6903-F9AA-490E-B887-4D9F628F57BA}.Debug|Any CPU.Build.0 = Debug|Any CPU
		{5C9C6903-F9AA-490E-B887-4D9F628F57BA}.Release|Any CPU.ActiveCfg = Release|Any CPU
		{5C9C6903-F9AA-490E-B887-4D9F628F57BA}.Release|Any CPU.Build.0 = Release|Any CPU
	EndGlobalSection
	GlobalSection(SolutionProperties) = preSolution
		HideSolutionNode = FALSE
	EndGlobalSection
	GlobalSection(ExtensibilityGlobals) = postSolution
		SolutionGuid = {6D64EF80-7BBD-417B-9F42-315DB75963B0}
	EndGlobalSection
EndGlobal
